
Microsoft Visual Studio Solution File, Format Version 12.00
# Visual Studio Version 17
VisualStudioVersion = 17.9.34607.119
MinimumVisualStudioVersion = 10.0.40219.1
Project("{FAE04EC0-301F-11D3-BF4B-00C04F79EFBC}") = "Game club", "Game club.csproj", "{1D8AC122-62EF-4D1B-BF26-840165C0E224}"
EndProject
Global
	GlobalSection(SolutionConfigurationPlatforms) = preSolution
		Debug|Any CPU = Debug|Any CPU
		Release|Any CPU = Release|Any CPU
	EndGlobalSection
	GlobalSection(ProjectConfigurationPlatforms) = postSolution
		{1D8AC122-62EF-4D1B-BF26-840165C0E224}.Debug|Any CPU.ActiveCfg = Debug|Any CPU
		{1D8AC122-62EF-4D1B-BF26-840165C0E224}.Debug|Any CPU.Build.0 = Debug|Any CPU
		{1D8AC122-62EF-4D1B-BF26-840165C0E224}.Release|Any CPU.ActiveCfg = Release|Any CPU
		{1D8AC122-62EF-4D1B-BF26-840165C0E224}.Release|Any CPU.Build.0 = Release|Any CPU
	EndGlobalSection
	GlobalSection(SolutionProperties) = preSolution
		HideSolutionNode = FALSE
	EndGlobalSection
	GlobalSection(ExtensibilityGlobals) = postSolution
		SolutionGuid = {097B5D98-A9A2-4AD0-BA97-362F3732C90A}
	EndGlobalSection
EndGlobal
